
Microsoft Visual Studio Solution File, Format Version 12.00
# Visual Studio Version 16
VisualStudioVersion = 16.0.29709.97
MinimumVisualStudioVersion = 10.0.40219.1
Project("{8BC9CEB8-8B4A-11D0-8D11-00A0C91BC942}") = "DM-P", "DM-P\DM-P.vcxproj", "{78D3ED3D-CC63-4427-9124-39C02F449974}"
EndProject
Global
	GlobalSection(SolutionConfigurationPlatforms) = preSolution
		Debug|x64 = Debug|x64
		Debug|x86 = Debug|x86
		Release|x64 = Release|x64
		Release|x86 = Release|x86
	EndGlobalSection
	GlobalSection(ProjectConfigurationPlatforms) = postSolution
		{78D3ED3D-CC63-4427-9124-39C02F449974}.Debug|x64.ActiveCfg = Debug|x64
		{78D3ED3D-CC63-4427-9124-39C02F449974}.Debug|x64.Build.0 = Debug|x64
		{78D3ED3D-CC63-4427-9124-39C02F449974}.Debug|x86.ActiveCfg = Debug|Win32
		{78D3ED3D-CC63-4427-9124-39C02F449974}.Debug|x86.Build.0 = Debug|Win32
		{78D3ED3D-CC63-4427-9124-39C02F449974}.Release|x64.ActiveCfg = Release|x64
		{78D3ED3D-CC63-4427-9124-39C02F449974}.Release|x64.Build.0 = Release|x64
		{78D3ED3D-CC63-4427-9124-39C02F449974}.Release|x86.ActiveCfg = Release|Win32
		{78D3ED3D-CC63-4427-9124-39C02F449974}.Release|x86.Build.0 = Release|Win32
	EndGlobalSection
	GlobalSection(SolutionProperties) = preSolution
		HideSolutionNode = FALSE
	EndGlobalSection
	GlobalSection(ExtensibilityGlobals) = postSolution
		SolutionGuid = {A2A3CFB7-F644-437F-88A5-CC178BE7CB91}
	EndGlobalSection
EndGlobal
